// !$*UTF8*$!
{
	archiveVersion = 1;
	classes = {
	};
	objectVersion = 46;
	objects = {

/* Begin PBXBuildFile section */
		7395C4E11EAFA24800AD8924 /* AppDelegate.swift in Sources */ = {isa = PBXBuildFile; fileRef = 7395C4E01EAFA24800AD8924 /* AppDelegate.swift */; };
		7395C4E31EAFA24800AD8924 /* ShakeController.swift in Sources */ = {isa = PBXBuildFile; fileRef = 7395C4E21EAFA24800AD8924 /* ShakeController.swift */; };
		7395C4E61EAFA24800AD8924 /* Main.storyboard in Resources */ = {isa = PBXBuildFile; fileRef = 7395C4E41EAFA24800AD8924 /* Main.storyboard */; };
		7395C4E81EAFA24800AD8924 /* Assets.xcassets in Resources */ = {isa = PBXBuildFile; fileRef = 7395C4E71EAFA24800AD8924 /* Assets.xcassets */; };
		7395C4EB1EAFA24800AD8924 /* LaunchScreen.storyboard in Resources */ = {isa = PBXBuildFile; fileRef = 7395C4E91EAFA24800AD8924 /* LaunchScreen.storyboard */; };
		7395C4F61EAFA24800AD8924 /* ShakedTests.swift in Sources */ = {isa = PBXBuildFile; fileRef = 7395C4F51EAFA24800AD8924 /* ShakedTests.swift */; };
		7395C5011EB095C100AD8924 /* ItHappened .swift in Sources */ = {isa = PBXBuildFile; fileRef = 7395C5001EB095C100AD8924 /* ItHappened .swift */; };
/* End PBXBuildFile section */

/* Begin PBXContainerItemProxy section */
		7395C4F21EAFA24800AD8924 /* PBXContainerItemProxy */ = {
			isa = PBXContainerItemProxy;
			containerPortal = 7395C4D51EAFA24700AD8924 /* Project object */;
			proxyType = 1;
			remoteGlobalIDString = 7395C4DC1EAFA24800AD8924;
			remoteInfo = Shaked;
		};
/* End PBXContainerItemProxy section */

/* Begin PBXFileReference section */
		7395C4DD1EAFA24800AD8924 /* Shaked.app */ = {isa = PBXFileReference; explicitFileType = wrapper.application; includeInIndex = 0; path = Shaked.app; sourceTree = BUILT_PRODUCTS_DIR; };
		7395C4E01EAFA24800AD8924 /* AppDelegate.swift */ = {isa = PBXFileReference; lastKnownFileType = sourcecode.swift; path = AppDelegate.swift; sourceTree = "<group>"; };
		7395C4E21EAFA24800AD8924 /* ShakeController.swift */ = {isa = PBXFileReference; lastKnownFileType = sourcecode.swift; path = ShakeController.swift; sourceTree = "<group>"; };
		7395C4E51EAFA24800AD8924 /* Base */ = {isa = PBXFileReference; lastKnownFileType = file.storyboard; name = Base; path = Base.lproj/Main.storyboard; sourceTree = "<group>"; };
		7395C4E71EAFA24800AD8924 /* Assets.xcassets */ = {isa = PBXFileReference; lastKnownFileType = folder.assetcatalog; path = Assets.xcassets; sourceTree = "<group>"; };
		7395C4EA1EAFA24800AD8924 /* Base */ = {isa = PBXFileReference; lastKnownFileType = file.storyboard; name = Base; path = Base.lproj/LaunchScreen.storyboard; sourceTree = "<group>"; };
		7395C4EC1EAFA24800AD8924 /* Info.plist */ = {isa = PBXFileReference; lastKnownFileType = text.plist.xml; path = Info.plist; sourceTree = "<group>"; };
		7395C4F11EAFA24800AD8924 /* ShakedTests.xctest */ = {isa = PBXFileReference; explicitFileType = wrapper.cfbundle; includeInIndex = 0; path = ShakedTests.xctest; sourceTree = BUILT_PRODUCTS_DIR; };
		7395C4F51EAFA24800AD8924 /* ShakedTests.swift */ = {isa = PBXFileReference; lastKnownFileType = sourcecode.swift; path = ShakedTests.swift; sourceTree = "<group>"; };
		7395C4F71EAFA24800AD8924 /* Info.plist */ = {isa = PBXFileReference; lastKnownFileType = text.plist.xml; path = Info.plist; sourceTree = "<group>"; };
		7395C5001EB095C100AD8924 /* ItHappened .swift */ = {isa = PBXFileReference; fileEncoding = 4; lastKnownFileType = sourcecode.swift; path = "ItHappened .swift"; sourceTree = "<group>"; };
/* End PBXFileReference section */

/* Begin PBXFrameworksBuildPhase section */
		7395C4DA1EAFA24800AD8924 /* Frameworks */ = {
			isa = PBXFrameworksBuildPhase;
			buildActionMask = 2147483647;
			files = (
			);
			runOnlyForDeploymentPostprocessing = 0;
		};
		7395C4EE1EAFA24800AD8924 /* Frameworks */ = {
			isa = PBXFrameworksBuildPhase;
			buildActionMask = 2147483647;
			files = (
			);
			runOnlyForDeploymentPostprocessing = 0;
		};
/* End PBXFrameworksBuildPhase section */

/* Begin PBXGroup section */
		7395C4D41EAFA24700AD8924 = {
			isa = PBXGroup;
			children = (
				7395C4DF1EAFA24800AD8924 /* Shaked */,
				7395C4F41EAFA24800AD8924 /* ShakedTests */,
				7395C4DE1EAFA24800AD8924 /* Products */,
			);
			sourceTree = "<group>";
		};
		7395C4DE1EAFA24800AD8924 /* Products */ = {
			isa = PBXGroup;
			children = (
				7395C4DD1EAFA24800AD8924 /* Shaked.app */,
				7395C4F11EAFA24800AD8924 /* ShakedTests.xctest */,
			);
			name = Products;
			sourceTree = "<group>";
		};
		7395C4DF1EAFA24800AD8924 /* Shaked */ = {
			isa = PBXGroup;
			children = (
				7395C4E01EAFA24800AD8924 /* AppDelegate.swift */,
				7395C4E21EAFA24800AD8924 /* ShakeController.swift */,
				7395C5001EB095C100AD8924 /* ItHappened .swift */,
				7395C4E41EAFA24800AD8924 /* Main.storyboard */,
				7395C4E71EAFA24800AD8924 /* Assets.xcassets */,
				7395C4E91EAFA24800AD8924 /* LaunchScreen.storyboard */,
				7395C4EC1EAFA24800AD8924 /* Info.plist */,
			);
			path = Shaked;
			sourceTree = "<group>";
		};
		7395C4F41EAFA24800AD8924 /* ShakedTests */ = {
			isa = PBXGroup;
			children = (
				7395C4F51EAFA24800AD8924 /* ShakedTests.swift */,
				7395C4F71EAFA24800AD8924 /* Info.plist */,
			);
			path = ShakedTests;
			sourceTree = "<group>";
		};
/* End PBXGroup section */

/* Begin PBXNativeTarget section */
		7395C4DC1EAFA24800AD8924 /* Shaked */ = {
			isa = PBXNativeTarget;
			buildConfigurationList = 7395C4FA1EAFA24800AD8924 /* Build configuration list for PBXNativeTarget "Shaked" */;
			buildPhases = (
				7395C4D91EAFA24800AD8924 /* Sources */,
				7395C4DA1EAFA24800AD8924 /* Frameworks */,
				7395C4DB1EAFA24800AD8924 /* Resources */,
			);
			buildRules = (
			);
			dependencies = (
			);
			name = Shaked;
			productName = Shaked;
			productReference = 7395C4DD1EAFA24800AD8924 /* Shaked.app */;
			productType = "com.apple.product-type.application";
		};
		7395C4F01EAFA24800AD8924 /* ShakedTests */ = {
			isa = PBXNativeTarget;
			buildConfigurationList = 7395C4FD1EAFA24800AD8924 /* Build configuration list for PBXNativeTarget "ShakedTests" */;
			buildPhases = (
				7395C4ED1EAFA24800AD8924 /* Sources */,
				7395C4EE1EAFA24800AD8924 /* Frameworks */,
				7395C4EF1EAFA24800AD8924 /* Resources */,
			);
			buildRules = (
			);
			dependencies = (
				7395C4F31EAFA24800AD8924 /* PBXTargetDependency */,
			);
			name = ShakedTests;
			productName = ShakedTests;
			productReference = 7395C4F11EAFA24800AD8924 /* ShakedTests.xctest */;
			productType = "com.apple.product-type.bundle.unit-test";
		};
/* End PBXNativeTarget section */

/* Begin PBXProject section */
		7395C4D51EAFA24700AD8924 /* Project object */ = {
			isa = PBXProject;
			attributes = {
				LastSwiftUpdateCheck = 0830;
				LastUpgradeCheck = 0830;
				ORGANIZATIONNAME = "Tanya Tomchuk";
				TargetAttributes = {
					7395C4DC1EAFA24800AD8924 = {
						CreatedOnToolsVersion = 8.3.2;
						DevelopmentTeam = 7EH4Z4842M;
						ProvisioningStyle = Automatic;
					};
					7395C4F01EAFA24800AD8924 = {
						CreatedOnToolsVersion = 8.3.2;
						DevelopmentTeam = 7EH4Z4842M;
						ProvisioningStyle = Automatic;
						TestTargetID = 7395C4DC1EAFA24800AD8924;
					};
				};
			};
			buildConfigurationList = 7395C4D81EAFA24700AD8924 /* Build configuration list for PBXProject "Shaked" */;
			compatibilityVersion = "Xcode 3.2";
			developmentRegion = English;
			hasScannedForEncodings = 0;
			knownRegions = (
				en,
				Base,
			);
			mainGroup = 7395C4D41EAFA24700AD8924;
			productRefGroup = 7395C4DE1EAFA24800AD8924 /* Products */;
			projectDirPath = "";
			projectRoot = "";
			targets = (
				7395C4DC1EAFA24800AD8924 /* Shaked */,
				7395C4F01EAFA24800AD8924 /* ShakedTests */,
			);
		};
/* End PBXProject section */

/* Begin PBXResourcesBuildPhase section */
		7395C4DB1EAFA24800AD8924 /* Resources */ = {
			isa = PBXResourcesBuildPhase;
			buildActionMask = 2147483647;
			files = (
				7395C4EB1EAFA24800AD8924 /* LaunchScreen.storyboard in Resources */,
				7395C4E81EAFA24800AD8924 /* Assets.xcassets in Resources */,
				7395C4E61EAFA24800AD8924 /* Main.storyboard in Resources */,
			);
			runOnlyForDeploymentPostprocessing = 0;
		};
		7395C4EF1EAFA24800AD8924 /* Resources */ = {
			isa = PBXResourcesBuildPhase;
			buildActionMask = 2147483647;
			files = (
			);
			runOnlyForDeploymentPostprocessing = 0;
		};
/* End PBXResourcesBuildPhase section */

/* Begin PBXSourcesBuildPhase section */
		7395C4D91EAFA24800AD8924 /* Sources */ = {
			isa = PBXSourcesBuildPhase;
			buildActionMask = 2147483647;
			files = (
				7395C4E31EAFA24800AD8924 /* ShakeController.swift in Sources */,
				7395C5011EB095C100AD8924 /* ItHappened .swift in Sources */,
				7395C4E11EAFA24800AD8924 /* AppDelegate.swift in Sources */,
			);
			runOnlyForDeploymentPostprocessing = 0;
		};
		7395C4ED1EAFA24800AD8924 /* Sources */ = {
			isa = PBXSourcesBuildPhase;
			buildActionMask = 2147483647;
			files = (
				7395C4F61EAFA24800AD8924 /* ShakedTests.swift in Sources */,
			);
			runOnlyForDeploymentPostprocessing = 0;
		};
/* End PBXSourcesBuildPhase section */

/* Begin PBXTargetDependency section */
		7395C4F31EAFA24800AD8924 /* PBXTargetDependency */ = {
			isa = PBXTargetDependency;
			target = 7395C4DC1EAFA24800AD8924 /* Shaked */;
			targetProxy = 7395C4F21EAFA24800AD8924 /* PBXContainerItemProxy */;
		};
/* End PBXTargetDependency section */

/* Begin PBXVariantGroup section */
		7395C4E41EAFA24800AD8924 /* Main.storyboard */ = {
			isa = PBXVariantGroup;
			children = (
				7395C4E51EAFA24800AD8924 /* Base */,
			);
			name = Main.storyboard;
			sourceTree = "<group>";
		};
		7395C4E91EAFA24800AD8924 /* LaunchScreen.storyboard */ = {
			isa = PBXVariantGroup;
			children = (
				7395C4EA1EAFA24800AD8924 /* Base */,
			);
			name = LaunchScreen.storyboard;
			sourceTree = "<group>";
		};
/* End PBXVariantGroup section */

/* Begin XCBuildConfiguration section */
		7395C4F81EAFA24800AD8924 /* Debug */ = {
			isa = XCBuildConfiguration;
			buildSettings = {
				ALWAYS_SEARCH_USER_PATHS = NO;
				CLANG_ANALYZER_NONNULL = YES;
				CLANG_ANALYZER_NUMBER_OBJECT_CONVERSION = YES_AGGRESSIVE;
				CLANG_CXX_LANGUAGE_STANDARD = "gnu++0x";
				CLANG_CXX_LIBRARY = "libc++";
				CLANG_ENABLE_MODULES = YES;
				CLANG_ENABLE_OBJC_ARC = YES;
				CLANG_WARN_BOOL_CONVERSION = YES;
				CLANG_WARN_CONSTANT_CONVERSION = YES;
				CLANG_WARN_DIRECT_OBJC_ISA_USAGE = YES_ERROR;
				CLANG_WARN_DOCUMENTATION_COMMENTS = YES;
				CLANG_WARN_EMPTY_BODY = YES;
				CLANG_WARN_ENUM_CONVERSION = YES;
				CLANG_WARN_INFINITE_RECURSION = YES;
				CLANG_WARN_INT_CONVERSION = YES;
				CLANG_WARN_OBJC_ROOT_CLASS = YES_ERROR;
				CLANG_WARN_SUSPICIOUS_MOVE = YES;
				CLANG_WARN_UNREACHABLE_CODE = YES;
				CLANG_WARN__DUPLICATE_METHOD_MATCH = YES;
				"CODE_SIGN_IDENTITY[sdk=iphoneos*]" = "iPhone Developer";
				COPY_PHASE_STRIP = NO;
				DEBUG_INFORMATION_FORMAT = dwarf;
				ENABLE_STRICT_OBJC_MSGSEND = YES;
				ENABLE_TESTABILITY = YES;
				GCC_C_LANGUAGE_STANDARD = gnu99;
				GCC_DYNAMIC_NO_PIC = NO;
				GCC_NO_COMMON_BLOCKS = YES;
				GCC_OPTIMIZATION_LEVEL = 0;
				GCC_PREPROCESSOR_DEFINITIONS = (
					"DEBUG=1",
					"$(inherited)",
				);
				GCC_WARN_64_TO_32_BIT_CONVERSION = YES;
				GCC_WARN_ABOUT_RETURN_TYPE = YES_ERROR;
				GCC_WARN_UNDECLARED_SELECTOR = YES;
				GCC_WARN_UNINITIALIZED_AUTOS = YES_AGGRESSIVE;
				GCC_WARN_UNUSED_FUNCTION = YES;
				GCC_WARN_UNUSED_VARIABLE = YES;
				IPHONEOS_DEPLOYMENT_TARGET = 10.3;
				MTL_ENABLE_DEBUG_INFO = YES;
				ONLY_ACTIVE_ARCH = YES;
				SDKROOT = iphoneos;
				SWIFT_ACTIVE_COMPILATION_CONDITIONS = DEBUG;
				SWIFT_OPTIMIZATION_LEVEL = "-Onone";
			};
			name = Debug;
		};
		7395C4F91EAFA24800AD8924 /* Release */ = {
			isa = XCBuildConfiguration;
			buildSettings = {
				ALWAYS_SEARCH_USER_PATHS = NO;
				CLANG_ANALYZER_NONNULL = YES;
				CLANG_ANALYZER_NUMBER_OBJECT_CONVERSION = YES_AGGRESSIVE;
				CLANG_CXX_LANGUAGE_STANDARD = "gnu++0x";
				CLANG_CXX_LIBRARY = "libc++";
				CLANG_ENABLE_MODULES = YES;
				CLANG_ENABLE_OBJC_ARC = YES;
				CLANG_WARN_BOOL_CONVERSION = YES;
				CLANG_WARN_CONSTANT_CONVERSION = YES;
				CLANG_WARN_DIRECT_OBJC_ISA_USAGE = YES_ERROR;
				CLANG_WARN_DOCUMENTATION_COMMENTS = YES;
				CLANG_WARN_EMPTY_BODY = YES;
				CLANG_WARN_ENUM_CONVERSION = YES;
				CLANG_WARN_INFINITE_RECURSION = YES;
				CLANG_WARN_INT_CONVERSION = YES;
				CLANG_WARN_OBJC_ROOT_CLASS = YES_ERROR;
				CLANG_WARN_SUSPICIOUS_MOVE = YES;
				CLANG_WARN_UNREACHABLE_CODE = YES;
				CLANG_WARN__DUPLICATE_METHOD_MATCH = YES;
				"CODE_SIGN_IDENTITY[sdk=iphoneos*]" = "iPhone Developer";
				COPY_PHASE_STRIP = NO;
				DEBUG_INFORMATION_FORMAT = "dwarf-with-dsym";
				ENABLE_NS_ASSERTIONS = NO;
				ENABLE_STRICT_OBJC_MSGSEND = YES;
				GCC_C_LANGUAGE_STANDARD = gnu99;
				GCC_NO_COMMON_BLOCKS = YES;
				GCC_WARN_64_TO_32_BIT_CONVERSION = YES;
				GCC_WARN_ABOUT_RETURN_TYPE = YES_ERROR;
				GCC_WARN_UNDECLARED_SELECTOR = YES;
				GCC_WARN_UNINITIALIZED_AUTOS = YES_AGGRESSIVE;
				GCC_WARN_UNUSED_FUNCTION = YES;
				GCC_WARN_UNUSED_VARIABLE = YES;
				IPHONEOS_DEPLOYMENT_TARGET = 10.3;
				MTL_ENABLE_DEBUG_INFO = NO;
				SDKROOT = iphoneos;
				SWIFT_OPTIMIZATION_LEVEL = "-Owholemodule";
				VALIDATE_PRODUCT = YES;
			};
			name = Release;
		};
		7395C4FB1EAFA24800AD8924 /* Debug */ = {
			isa = XCBuildConfiguration;
			buildSettings = {
				ASSETCATALOG_COMPILER_APPICON_NAME = AppIcon;
				DEVELOPMENT_TEAM = 7EH4Z4842M;
				INFOPLIST_FILE = Shaked/Info.plist;
				LD_RUNPATH_SEARCH_PATHS = "$(inherited) @executable_path/Frameworks";
				PRODUCT_BUNDLE_IDENTIFIER = com.epam.Shaked;
				PRODUCT_NAME = "$(TARGET_NAME)";
				SWIFT_VERSION = 3.0;
			};
			name = Debug;
		};
		7395C4FC1EAFA24800AD8924 /* Release */ = {
			isa = XCBuildConfiguration;
			buildSettings = {
				ASSETCATALOG_COMPILER_APPICON_NAME = AppIcon;
				DEVELOPMENT_TEAM = 7EH4Z4842M;
				INFOPLIST_FILE = Shaked/Info.plist;
				LD_RUNPATH_SEARCH_PATHS = "$(inherited) @executable_path/Frameworks";
				PRODUCT_BUNDLE_IDENTIFIER = com.epam.Shaked;
				PRODUCT_NAME = "$(TARGET_NAME)";
				SWIFT_VERSION = 3.0;
			};
			name = Release;
		};
		7395C4FE1EAFA24800AD8924 /* Debug */ = {
			isa = XCBuildConfiguration;
			buildSettings = {
				ALWAYS_EMBED_SWIFT_STANDARD_LIBRARIES = YES;
				BUNDLE_LOADER = "$(TEST_HOST)";
				DEVELOPMENT_TEAM = 7EH4Z4842M;
				INFOPLIST_FILE = ShakedTests/Info.plist;
				LD_RUNPATH_SEARCH_PATHS = "$(inherited) @executable_path/Frameworks @loader_path/Frameworks";
				PRODUCT_BUNDLE_IDENTIFIER = com.epam.ShakedTests;
				PRODUCT_NAME = "$(TARGET_NAME)";
				SWIFT_VERSION = 3.0;
				TEST_HOST = "$(BUILT_PRODUCTS_DIR)/Shaked.app/Shaked";
			};
			name = Debug;
		};
		7395C4FF1EAFA24800AD8924 /* Release */ = {
			isa = XCBuildConfiguration;
			buildSettings = {
				ALWAYS_EMBED_SWIFT_STANDARD_LIBRARIES = YES;
				BUNDLE_LOADER = "$(TEST_HOST)";
				DEVELOPMENT_TEAM = 7EH4Z4842M;
				INFOPLIST_FILE = ShakedTests/Info.plist;
				LD_RUNPATH_SEARCH_PATHS = "$(inherited) @executable_path/Frameworks @loader_path/Frameworks";
				PRODUCT_BUNDLE_IDENTIFIER = com.epam.ShakedTests;
				PRODUCT_NAME = "$(TARGET_NAME)";
				SWIFT_VERSION = 3.0;
				TEST_HOST = "$(BUILT_PRODUCTS_DIR)/Shaked.app/Shaked";
			};
			name = Release;
		};
/* End XCBuildConfiguration section */

/* Begin XCConfigurationList section */
		7395C4D81EAFA24700AD8924 /* Build configuration list for PBXProject "Shaked" */ = {
			isa = XCConfigurationList;
			buildConfigurations = (
				7395C4F81EAFA24800AD8924 /* Debug */,
				7395C4F91EAFA24800AD8924 /* Release */,
			);
			defaultConfigurationIsVisible = 0;
			defaultConfigurationName = Release;
		};
		7395C4FA1EAFA24800AD8924 /* Build configuration list for PBXNativeTarget "Shaked" */ = {
			isa = XCConfigurationList;
			buildConfigurations = (
				7395C4FB1EAFA24800AD8924 /* Debug */,
				7395C4FC1EAFA24800AD8924 /* Release */,
			);
			defaultConfigurationIsVisible = 0;
		};
		7395C4FD1EAFA24800AD8924 /* Build configuration list for PBXNativeTarget "ShakedTests" */ = {
			isa = XCConfigurationList;
			buildConfigurations = (
				7395C4FE1EAFA24800AD8924 /* Debug */,
				7395C4FF1EAFA24800AD8924 /* Release */,
			);
			defaultConfigurationIsVisible = 0;
		};
/* End XCConfigurationList section */
	};
	rootObject = 7395C4D51EAFA24700AD8924 /* Project object */;
}
